
Microsoft Visual Studio Solution File, Format Version 12.00
# Visual Studio 15
VisualStudioVersion = 15.0.27703.2026
MinimumVisualStudioVersion = 10.0.40219.1
Project("{2150E333-8FDC-42A3-9474-1A3956D46DE8}") = "Solution Items", "Solution Items", "{EA11A418-DA07-405A-BBC5-2706A35A8F93}"
	ProjectSection(SolutionItems) = preProject
		index.html = index.html
		second_task.html = second_task.html
	EndProjectSection
EndProject
Project("{2150E333-8FDC-42A3-9474-1A3956D46DE8}") = "css", "css", "{6FE36791-47F4-4EFF-B84B-86BF4D1AE854}"
	ProjectSection(SolutionItems) = preProject
		css\lesson5.css = css\lesson5.css
	EndProjectSection
EndProject
Global
	GlobalSection(SolutionProperties) = preSolution
		HideSolutionNode = FALSE
	EndGlobalSection
	GlobalSection(NestedProjects) = preSolution
		{6FE36791-47F4-4EFF-B84B-86BF4D1AE854} = {EA11A418-DA07-405A-BBC5-2706A35A8F93}
	EndGlobalSection
	GlobalSection(ExtensibilityGlobals) = postSolution
		SolutionGuid = {5AC0C711-7A82-4F72-98A0-62F3AD6B9BF9}
	EndGlobalSection
EndGlobal
